
Microsoft Visual Studio Solution File, Format Version 12.00
# Visual Studio Version 16
VisualStudioVersion = 16.0.32510.428
MinimumVisualStudioVersion = 10.0.40219.1
Project("{FAE04EC0-301F-11D3-BF4B-00C04F79EFBC}") = "Calculator", "Calculator.csproj", "{D086C2A8-3665-44CF-8666-30D7C6EA64D1}"
EndProject
Project("{FAE04EC0-301F-11D3-BF4B-00C04F79EFBC}") = "For_Loop", "..\For_Loop\For_Loop.csproj", "{C06AFB68-D703-4348-87CC-3C9074DFF542}"
EndProject
Global
	GlobalSection(SolutionConfigurationPlatforms) = preSolution
		Debug|Any CPU = Debug|Any CPU
		Release|Any CPU = Release|Any CPU
	EndGlobalSection
	GlobalSection(ProjectConfigurationPlatforms) = postSolution
		{D086C2A8-3665-44CF-8666-30D7C6EA64D1}.Debug|Any CPU.ActiveCfg = Debug|Any CPU
		{D086C2A8-3665-44CF-8666-30D7C6EA64D1}.Debug|Any CPU.Build.0 = Debug|Any CPU
		{D086C2A8-3665-44CF-8666-30D7C6EA64D1}.Release|Any CPU.ActiveCfg = Release|Any CPU
		{D086C2A8-3665-44CF-8666-30D7C6EA64D1}.Release|Any CPU.Build.0 = Release|Any CPU
		{C06AFB68-D703-4348-87CC-3C9074DFF542}.Debug|Any CPU.ActiveCfg = Debug|Any CPU
		{C06AFB68-D703-4348-87CC-3C9074DFF542}.Debug|Any CPU.Build.0 = Debug|Any CPU
		{C06AFB68-D703-4348-87CC-3C9074DFF542}.Release|Any CPU.ActiveCfg = Release|Any CPU
		{C06AFB68-D703-4348-87CC-3C9074DFF542}.Release|Any CPU.Build.0 = Release|Any CPU
	EndGlobalSection
	GlobalSection(SolutionProperties) = preSolution
		HideSolutionNode = FALSE
	EndGlobalSection
	GlobalSection(ExtensibilityGlobals) = postSolution
		SolutionGuid = {F20F3EC0-B09E-470B-B762-FAECAFBAB907}
	EndGlobalSection
EndGlobal
